// !$*UTF8*$!
{
	archiveVersion = 1;
	classes = {
	};
	objectVersion = 48;
	objects = {

/* Begin PBXBuildFile section */
		41874B486C8BA797CE9FE934 /* Pods_ToDo.framework in Frameworks */ = {isa = PBXBuildFile; fileRef = A591149EBEF80956DBE321CB /* Pods_ToDo.framework */; };
		BB10785D2004DE9B0088CE2F /* API.swift in Sources */ = {isa = PBXBuildFile; fileRef = BB10785C2004DE9B0088CE2F /* API.swift */; };
		BB10785F2004DED30088CE2F /* API+Helper.swift in Sources */ = {isa = PBXBuildFile; fileRef = BB10785E2004DED30088CE2F /* API+Helper.swift */; };
		BB1078612004DF020088CE2F /* API+Argument.swift in Sources */ = {isa = PBXBuildFile; fileRef = BB1078602004DF020088CE2F /* API+Argument.swift */; };
		BB1078632004E0A00088CE2F /* API+Error.swift in Sources */ = {isa = PBXBuildFile; fileRef = BB1078622004E0A00088CE2F /* API+Error.swift */; };
		BB1078652004E1C90088CE2F /* API+ErrorHandling.swift in Sources */ = {isa = PBXBuildFile; fileRef = BB1078642004E1C90088CE2F /* API+ErrorHandling.swift */; };
		BB1078672004E1EF0088CE2F /* API+Resource.swift in Sources */ = {isa = PBXBuildFile; fileRef = BB1078662004E1EF0088CE2F /* API+Resource.swift */; };
		BB10786D2004E2700088CE2F /* API+RequestModel.swift in Sources */ = {isa = PBXBuildFile; fileRef = BB10786C2004E2700088CE2F /* API+RequestModel.swift */; };
		BB10786F2004E27C0088CE2F /* API+ResponseModel.swift in Sources */ = {isa = PBXBuildFile; fileRef = BB10786E2004E27C0088CE2F /* API+ResponseModel.swift */; };
		BB1078722004E2A20088CE2F /* APIModel+ErrorModel.swift in Sources */ = {isa = PBXBuildFile; fileRef = BB1078712004E2A20088CE2F /* APIModel+ErrorModel.swift */; };
		BB1078762004E35E0088CE2F /* String+Empty.swift in Sources */ = {isa = PBXBuildFile; fileRef = BB1078752004E35E0088CE2F /* String+Empty.swift */; };
		BB1078782004E36A0088CE2F /* String+IsEmptyOrWhitespace.swift in Sources */ = {isa = PBXBuildFile; fileRef = BB1078772004E36A0088CE2F /* String+IsEmptyOrWhitespace.swift */; };
		BB10787A2004E3A50088CE2F /* String+IsValidEmail.swift in Sources */ = {isa = PBXBuildFile; fileRef = BB1078792004E3A50088CE2F /* String+IsValidEmail.swift */; };
		BB10787C2004E3FE0088CE2F /* API+Model.swift in Sources */ = {isa = PBXBuildFile; fileRef = BB10787B2004E3FE0088CE2F /* API+Model.swift */; };
		BB10787F2004F5720088CE2F /* APIModelAccount+RegistrationRequestModel.swift in Sources */ = {isa = PBXBuildFile; fileRef = BB10787E2004F5720088CE2F /* APIModelAccount+RegistrationRequestModel.swift */; };
		BB1078812004F61C0088CE2F /* APIModelAccount+LoginRequestModel.swift in Sources */ = {isa = PBXBuildFile; fileRef = BB1078802004F61C0088CE2F /* APIModelAccount+LoginRequestModel.swift */; };
		BB1078832004F6850088CE2F /* APIModelAccount+LoginResponseModel.swift in Sources */ = {isa = PBXBuildFile; fileRef = BB1078822004F6850088CE2F /* APIModelAccount+LoginResponseModel.swift */; };
		BB1078852004F6CE0088CE2F /* APIModel+LoginInfoModel.swift in Sources */ = {isa = PBXBuildFile; fileRef = BB1078842004F6CE0088CE2F /* APIModel+LoginInfoModel.swift */; };
		BB10788A2004F7460088CE2F /* LoginInfo.swift in Sources */ = {isa = PBXBuildFile; fileRef = BB1078892004F7460088CE2F /* LoginInfo.swift */; };
		BB10788D2004F81E0088CE2F /* APIModelColors+ListResponseModel.swift in Sources */ = {isa = PBXBuildFile; fileRef = BB10788C2004F81E0088CE2F /* APIModelColors+ListResponseModel.swift */; };
		BB10788F2004F8610088CE2F /* APIModel+ColorModel.swift in Sources */ = {isa = PBXBuildFile; fileRef = BB10788E2004F8610088CE2F /* APIModel+ColorModel.swift */; };
		BB1078912004F9660088CE2F /* Color.swift in Sources */ = {isa = PBXBuildFile; fileRef = BB1078902004F9660088CE2F /* Color.swift */; };
		BB1078932004F9A30088CE2F /* Entity.swift in Sources */ = {isa = PBXBuildFile; fileRef = BB1078922004F9A30088CE2F /* Entity.swift */; };
		BB1078962004FA770088CE2F /* APIModelIcons+ListResponseModel.swift in Sources */ = {isa = PBXBuildFile; fileRef = BB1078952004FA770088CE2F /* APIModelIcons+ListResponseModel.swift */; };
		BB1078982004FAD70088CE2F /* APIModel+IconModel.swift in Sources */ = {isa = PBXBuildFile; fileRef = BB1078972004FAD70088CE2F /* APIModel+IconModel.swift */; };
		BB10789A2004FB840088CE2F /* Icon.swift in Sources */ = {isa = PBXBuildFile; fileRef = BB1078992004FB840088CE2F /* Icon.swift */; };
		BB10789C2004FBF00088CE2F /* APIModel+ListModel.swift in Sources */ = {isa = PBXBuildFile; fileRef = BB10789B2004FBF00088CE2F /* APIModel+ListModel.swift */; };
		BB10789E2004FCF40088CE2F /* List.swift in Sources */ = {isa = PBXBuildFile; fileRef = BB10789D2004FCF40088CE2F /* List.swift */; };
		BB1078A02004FDAC0088CE2F /* APIModel+ItemModel.swift in Sources */ = {isa = PBXBuildFile; fileRef = BB10789F2004FDAC0088CE2F /* APIModel+ItemModel.swift */; };
		BB1078A22004FF5E0088CE2F /* Item.swift in Sources */ = {isa = PBXBuildFile; fileRef = BB1078A12004FF5E0088CE2F /* Item.swift */; };
		BB1078A6200506C30088CE2F /* APIModelLists+ListResponseModel.swift in Sources */ = {isa = PBXBuildFile; fileRef = BB1078A5200506C30088CE2F /* APIModelLists+ListResponseModel.swift */; };
		BB1078A8200507080088CE2F /* APIModelItems+ListResponseModel.swift in Sources */ = {isa = PBXBuildFile; fileRef = BB1078A7200507080088CE2F /* APIModelItems+ListResponseModel.swift */; };
		BB1078B0200508B70088CE2F /* APIModelLists+CreateRequestModel.swift in Sources */ = {isa = PBXBuildFile; fileRef = BB1078AF200508B70088CE2F /* APIModelLists+CreateRequestModel.swift */; };
		BB1078B2200509240088CE2F /* APIModelLists+CreateResponseModel.swift in Sources */ = {isa = PBXBuildFile; fileRef = BB1078B1200509240088CE2F /* APIModelLists+CreateResponseModel.swift */; };
		BB1078B4200509AD0088CE2F /* APIModelLists+EditRequestModel.swift in Sources */ = {isa = PBXBuildFile; fileRef = BB1078B3200509AD0088CE2F /* APIModelLists+EditRequestModel.swift */; };
		BB1078B620050A710088CE2F /* APIModelLists+EditResponseModel.swift in Sources */ = {isa = PBXBuildFile; fileRef = BB1078B520050A710088CE2F /* APIModelLists+EditResponseModel.swift */; };
		BB1078B820050AAA0088CE2F /* APIModelLists+DeleteRequestModel.swift in Sources */ = {isa = PBXBuildFile; fileRef = BB1078B720050AAA0088CE2F /* APIModelLists+DeleteRequestModel.swift */; };
		BB1078BA20050C520088CE2F /* APIModelItems+CreateRequestModel.swift in Sources */ = {isa = PBXBuildFile; fileRef = BB1078B920050C520088CE2F /* APIModelItems+CreateRequestModel.swift */; };
		BB1078BC20050DDA0088CE2F /* APIModelItems+CreateResponseModel.swift in Sources */ = {isa = PBXBuildFile; fileRef = BB1078BB20050DDA0088CE2F /* APIModelItems+CreateResponseModel.swift */; };
		BB1078BE20050E9B0088CE2F /* APIModelItems+EditRequestModel.swift in Sources */ = {isa = PBXBuildFile; fileRef = BB1078BD20050E9B0088CE2F /* APIModelItems+EditRequestModel.swift */; };
		BB1078C020050F9B0088CE2F /* APIModelItems+EditResponseModel.swift in Sources */ = {isa = PBXBuildFile; fileRef = BB1078BF20050F9B0088CE2F /* APIModelItems+EditResponseModel.swift */; };
		BB1078C2200510180088CE2F /* APIModelItems+DeleteRequestModel.swift in Sources */ = {isa = PBXBuildFile; fileRef = BB1078C1200510180088CE2F /* APIModelItems+DeleteRequestModel.swift */; };
		BB1078C42005107E0088CE2F /* API+Method.swift in Sources */ = {isa = PBXBuildFile; fileRef = BB1078C32005107E0088CE2F /* API+Method.swift */; };
		BB1078C6200512740088CE2F /* APIMethod+Account.swift in Sources */ = {isa = PBXBuildFile; fileRef = BB1078C5200512740088CE2F /* APIMethod+Account.swift */; };
		BB1078C82005127D0088CE2F /* APIMethod+Colors.swift in Sources */ = {isa = PBXBuildFile; fileRef = BB1078C72005127D0088CE2F /* APIMethod+Colors.swift */; };
		BB1078CA200512850088CE2F /* APIMethod+Icons.swift in Sources */ = {isa = PBXBuildFile; fileRef = BB1078C9200512850088CE2F /* APIMethod+Icons.swift */; };
		BB1078CC2005128E0088CE2F /* APIMethod+Lists.swift in Sources */ = {isa = PBXBuildFile; fileRef = BB1078CB2005128E0088CE2F /* APIMethod+Lists.swift */; };
		BB1078CE200512C10088CE2F /* APIMethod+APIMethod+Items.swift in Sources */ = {isa = PBXBuildFile; fileRef = BB1078CD200512C10088CE2F /* APIMethod+APIMethod+Items.swift */; };
		BB1078D120051CD40088CE2F /* Synchronization.storyboard in Resources */ = {isa = PBXBuildFile; fileRef = BB1078D020051CD40088CE2F /* Synchronization.storyboard */; };
		BB45E2F520051FFA0050144B /* SynchronizationViewController.swift in Sources */ = {isa = PBXBuildFile; fileRef = BB45E2F420051FFA0050144B /* SynchronizationViewController.swift */; };
		BB840EFA2001781000B57E83 /* AppDelegate.swift in Sources */ = {isa = PBXBuildFile; fileRef = BB840EF92001781000B57E83 /* AppDelegate.swift */; };
		BB840F012001781000B57E83 /* Assets.xcassets in Resources */ = {isa = PBXBuildFile; fileRef = BB840F002001781000B57E83 /* Assets.xcassets */; };
		BB840F042001781000B57E83 /* LaunchScreen.storyboard in Resources */ = {isa = PBXBuildFile; fileRef = BB840F022001781000B57E83 /* LaunchScreen.storyboard */; };
		BB8B93FA2005287D00E3DF6E /* ServiceLayer.swift in Sources */ = {isa = PBXBuildFile; fileRef = BB8B93F92005287D00E3DF6E /* ServiceLayer.swift */; };
		BB8B93FC2005289900E3DF6E /* ApplicationSettingsService.swift in Sources */ = {isa = PBXBuildFile; fileRef = BB8B93FB2005289900E3DF6E /* ApplicationSettingsService.swift */; };
		BB8B93FF200535CF00E3DF6E /* APIService.swift in Sources */ = {isa = PBXBuildFile; fileRef = BB8B93FE200535CF00E3DF6E /* APIService.swift */; };
		BB8B9401200535DD00E3DF6E /* APIService+Error.swift in Sources */ = {isa = PBXBuildFile; fileRef = BB8B9400200535DD00E3DF6E /* APIService+Error.swift */; };
		BB8B940420053EF500E3DF6E /* AccountRegistrationRequestModel.swift in Sources */ = {isa = PBXBuildFile; fileRef = BB8B940320053EF500E3DF6E /* AccountRegistrationRequestModel.swift */; };
		BB8B940620053F9F00E3DF6E /* AccountLoginRequestModel.swift in Sources */ = {isa = PBXBuildFile; fileRef = BB8B940520053F9F00E3DF6E /* AccountLoginRequestModel.swift */; };
		BB8B94082005422E00E3DF6E /* ListsCreateRequestModel.swift in Sources */ = {isa = PBXBuildFile; fileRef = BB8B94072005422E00E3DF6E /* ListsCreateRequestModel.swift */; };
		BB8B940A2005435C00E3DF6E /* ListsEditRequestModel.swift in Sources */ = {isa = PBXBuildFile; fileRef = BB8B94092005435C00E3DF6E /* ListsEditRequestModel.swift */; };
		BB8B940C2005441600E3DF6E /* ListsDeleteRequestModel.swift in Sources */ = {isa = PBXBuildFile; fileRef = BB8B940B2005441600E3DF6E /* ListsDeleteRequestModel.swift */; };
		BB8B940E200544CD00E3DF6E /* ItemsCreateRequestModel.swift in Sources */ = {isa = PBXBuildFile; fileRef = BB8B940D200544CD00E3DF6E /* ItemsCreateRequestModel.swift */; };
		BB8B9410200544DE00E3DF6E /* ItemsEditRequestModel.swift in Sources */ = {isa = PBXBuildFile; fileRef = BB8B940F200544DE00E3DF6E /* ItemsEditRequestModel.swift */; };
		BB8B9412200544EF00E3DF6E /* ItemsDeleteRequestModel.swift in Sources */ = {isa = PBXBuildFile; fileRef = BB8B9411200544EF00E3DF6E /* ItemsDeleteRequestModel.swift */; };
		BB8B9419200547E400E3DF6E /* StoryboardIdentifiable.swift in Sources */ = {isa = PBXBuildFile; fileRef = BB8B9418200547E400E3DF6E /* StoryboardIdentifiable.swift */; };
		BB8B941B200547FE00E3DF6E /* CellIdentifiable.swift in Sources */ = {isa = PBXBuildFile; fileRef = BB8B941A200547FE00E3DF6E /* CellIdentifiable.swift */; };
		BB8B941D2005481000E3DF6E /* Router.swift in Sources */ = {isa = PBXBuildFile; fileRef = BB8B941C2005481000E3DF6E /* Router.swift */; };
		BB8B9421200548A900E3DF6E /* NSLayoutConstraint+Description.swift in Sources */ = {isa = PBXBuildFile; fileRef = BB8B9420200548A900E3DF6E /* NSLayoutConstraint+Description.swift */; };
		BB8B9424200548F400E3DF6E /* UIImage+MaskWithColor.swift in Sources */ = {isa = PBXBuildFile; fileRef = BB8B9423200548F400E3DF6E /* UIImage+MaskWithColor.swift */; };
		BB8B94272005493400E3DF6E /* UIWindow+TransitToViewController.swift in Sources */ = {isa = PBXBuildFile; fileRef = BB8B94262005493400E3DF6E /* UIWindow+TransitToViewController.swift */; };
		BB8B942A2005495A00E3DF6E /* UIStoryboard+Storyboards.swift in Sources */ = {isa = PBXBuildFile; fileRef = BB8B94292005495A00E3DF6E /* UIStoryboard+Storyboards.swift */; };
		BB8B942C2005497B00E3DF6E /* UIStoryboard+ConvenientAccess.swift in Sources */ = {isa = PBXBuildFile; fileRef = BB8B942B2005497B00E3DF6E /* UIStoryboard+ConvenientAccess.swift */; };
		BB8B942F200549A900E3DF6E /* UIViewController+StoryboardIdentifiable.swift in Sources */ = {isa = PBXBuildFile; fileRef = BB8B942E200549A900E3DF6E /* UIViewController+StoryboardIdentifiable.swift */; };
		BB8B9431200549EC00E3DF6E /* UIViewController+HideKeyboardWhenTappedAround.swift in Sources */ = {isa = PBXBuildFile; fileRef = BB8B9430200549EC00E3DF6E /* UIViewController+HideKeyboardWhenTappedAround.swift */; };
		BB8B943420054A2100E3DF6E /* UINavigationController+Pop.swift in Sources */ = {isa = PBXBuildFile; fileRef = BB8B943320054A2100E3DF6E /* UINavigationController+Pop.swift */; };
		BB8B943720054A6200E3DF6E /* UITableViewCell+CellIdentifiable.swift in Sources */ = {isa = PBXBuildFile; fileRef = BB8B943620054A6200E3DF6E /* UITableViewCell+CellIdentifiable.swift */; };
		BB8B943920054A8700E3DF6E /* ImageAssets.swift in Sources */ = {isa = PBXBuildFile; fileRef = BB8B943820054A8700E3DF6E /* ImageAssets.swift */; };
		BB8B943D20054B4400E3DF6E /* StackWidthLabel.swift in Sources */ = {isa = PBXBuildFile; fileRef = BB8B943C20054B4400E3DF6E /* StackWidthLabel.swift */; };
		BB8B944020054B9B00E3DF6E /* ColoredImageView.swift in Sources */ = {isa = PBXBuildFile; fileRef = BB8B943F20054B9B00E3DF6E /* ColoredImageView.swift */; };
		BB8B944520054BFC00E3DF6E /* UIView+FromNib.swift in Sources */ = {isa = PBXBuildFile; fileRef = BB8B944420054BFC00E3DF6E /* UIView+FromNib.swift */; };
		BB8B944720054C1100E3DF6E /* UIView+LayoutAttachAll.swift in Sources */ = {isa = PBXBuildFile; fileRef = BB8B944620054C1100E3DF6E /* UIView+LayoutAttachAll.swift */; };
		BB8B944920054C4900E3DF6E /* LoadingView.swift in Sources */ = {isa = PBXBuildFile; fileRef = BB8B944820054C4900E3DF6E /* LoadingView.swift */; };
		BB8B944B20054C5000E3DF6E /* LoadingView.xib in Resources */ = {isa = PBXBuildFile; fileRef = BB8B944A20054C5000E3DF6E /* LoadingView.xib */; };
		BB8B944E20054D8B00E3DF6E /* Control.swift in Sources */ = {isa = PBXBuildFile; fileRef = BB8B944D20054D8B00E3DF6E /* Control.swift */; };
		BBE632CC2003ED4600DBE28F /* APIConstants.swift in Sources */ = {isa = PBXBuildFile; fileRef = BBE632CB2003ED4600DBE28F /* APIConstants.swift */; };
/* End PBXBuildFile section */

/* Begin PBXFileReference section */
		A475BAF208041433E01DCDA1 /* Pods-ToDo.debug.xcconfig */ = {isa = PBXFileReference; includeInIndex = 1; lastKnownFileType = text.xcconfig; name = "Pods-ToDo.debug.xcconfig"; path = "Pods/Target Support Files/Pods-ToDo/Pods-ToDo.debug.xcconfig"; sourceTree = "<group>"; };
		A591149EBEF80956DBE321CB /* Pods_ToDo.framework */ = {isa = PBXFileReference; explicitFileType = wrapper.framework; includeInIndex = 0; path = Pods_ToDo.framework; sourceTree = BUILT_PRODUCTS_DIR; };
		BB10785C2004DE9B0088CE2F /* API.swift */ = {isa = PBXFileReference; lastKnownFileType = sourcecode.swift; path = API.swift; sourceTree = "<group>"; };
		BB10785E2004DED30088CE2F /* API+Helper.swift */ = {isa = PBXFileReference; lastKnownFileType = sourcecode.swift; path = "API+Helper.swift"; sourceTree = "<group>"; };
		BB1078602004DF020088CE2F /* API+Argument.swift */ = {isa = PBXFileReference; lastKnownFileType = sourcecode.swift; path = "API+Argument.swift"; sourceTree = "<group>"; };
		BB1078622004E0A00088CE2F /* API+Error.swift */ = {isa = PBXFileReference; lastKnownFileType = sourcecode.swift; path = "API+Error.swift"; sourceTree = "<group>"; };
		BB1078642004E1C90088CE2F /* API+ErrorHandling.swift */ = {isa = PBXFileReference; lastKnownFileType = sourcecode.swift; path = "API+ErrorHandling.swift"; sourceTree = "<group>"; };
		BB1078662004E1EF0088CE2F /* API+Resource.swift */ = {isa = PBXFileReference; lastKnownFileType = sourcecode.swift; path = "API+Resource.swift"; sourceTree = "<group>"; };
		BB10786C2004E2700088CE2F /* API+RequestModel.swift */ = {isa = PBXFileReference; lastKnownFileType = sourcecode.swift; path = "API+RequestModel.swift"; sourceTree = "<group>"; };
		BB10786E2004E27C0088CE2F /* API+ResponseModel.swift */ = {isa = PBXFileReference; lastKnownFileType = sourcecode.swift; path = "API+ResponseModel.swift"; sourceTree = "<group>"; };
		BB1078712004E2A20088CE2F /* APIModel+ErrorModel.swift */ = {isa = PBXFileReference; lastKnownFileType = sourcecode.swift; path = "APIModel+ErrorModel.swift"; sourceTree = "<group>"; };
		BB1078752004E35E0088CE2F /* String+Empty.swift */ = {isa = PBXFileReference; lastKnownFileType = sourcecode.swift; path = "String+Empty.swift"; sourceTree = "<group>"; };
		BB1078772004E36A0088CE2F /* String+IsEmptyOrWhitespace.swift */ = {isa = PBXFileReference; lastKnownFileType = sourcecode.swift; path = "String+IsEmptyOrWhitespace.swift"; sourceTree = "<group>"; };
		BB1078792004E3A50088CE2F /* String+IsValidEmail.swift */ = {isa = PBXFileReference; lastKnownFileType = sourcecode.swift; path = "String+IsValidEmail.swift"; sourceTree = "<group>"; };
		BB10787B2004E3FE0088CE2F /* API+Model.swift */ = {isa = PBXFileReference; lastKnownFileType = sourcecode.swift; path = "API+Model.swift"; sourceTree = "<group>"; };
		BB10787E2004F5720088CE2F /* APIModelAccount+RegistrationRequestModel.swift */ = {isa = PBXFileReference; lastKnownFileType = sourcecode.swift; path = "APIModelAccount+RegistrationRequestModel.swift"; sourceTree = "<group>"; };
		BB1078802004F61C0088CE2F /* APIModelAccount+LoginRequestModel.swift */ = {isa = PBXFileReference; lastKnownFileType = sourcecode.swift; path = "APIModelAccount+LoginRequestModel.swift"; sourceTree = "<group>"; };
		BB1078822004F6850088CE2F /* APIModelAccount+LoginResponseModel.swift */ = {isa = PBXFileReference; lastKnownFileType = sourcecode.swift; path = "APIModelAccount+LoginResponseModel.swift"; sourceTree = "<group>"; };
		BB1078842004F6CE0088CE2F /* APIModel+LoginInfoModel.swift */ = {isa = PBXFileReference; lastKnownFileType = sourcecode.swift; path = "APIModel+LoginInfoModel.swift"; sourceTree = "<group>"; };
		BB1078892004F7460088CE2F /* LoginInfo.swift */ = {isa = PBXFileReference; lastKnownFileType = sourcecode.swift; path = LoginInfo.swift; sourceTree = "<group>"; };
		BB10788C2004F81E0088CE2F /* APIModelColors+ListResponseModel.swift */ = {isa = PBXFileReference; lastKnownFileType = sourcecode.swift; path = "APIModelColors+ListResponseModel.swift"; sourceTree = "<group>"; };
		BB10788E2004F8610088CE2F /* APIModel+ColorModel.swift */ = {isa = PBXFileReference; lastKnownFileType = sourcecode.swift; path = "APIModel+ColorModel.swift"; sourceTree = "<group>"; };
		BB1078902004F9660088CE2F /* Color.swift */ = {isa = PBXFileReference; lastKnownFileType = sourcecode.swift; path = Color.swift; sourceTree = "<group>"; };
		BB1078922004F9A30088CE2F /* Entity.swift */ = {isa = PBXFileReference; lastKnownFileType = sourcecode.swift; path = Entity.swift; sourceTree = "<group>"; };
		BB1078952004FA770088CE2F /* APIModelIcons+ListResponseModel.swift */ = {isa = PBXFileReference; lastKnownFileType = sourcecode.swift; path = "APIModelIcons+ListResponseModel.swift"; sourceTree = "<group>"; };
		BB1078972004FAD70088CE2F /* APIModel+IconModel.swift */ = {isa = PBXFileReference; lastKnownFileType = sourcecode.swift; path = "APIModel+IconModel.swift"; sourceTree = "<group>"; };
		BB1078992004FB840088CE2F /* Icon.swift */ = {isa = PBXFileReference; lastKnownFileType = sourcecode.swift; path = Icon.swift; sourceTree = "<group>"; };
		BB10789B2004FBF00088CE2F /* APIModel+ListModel.swift */ = {isa = PBXFileReference; lastKnownFileType = sourcecode.swift; path = "APIModel+ListModel.swift"; sourceTree = "<group>"; };
		BB10789D2004FCF40088CE2F /* List.swift */ = {isa = PBXFileReference; lastKnownFileType = sourcecode.swift; path = List.swift; sourceTree = "<group>"; };
		BB10789F2004FDAC0088CE2F /* APIModel+ItemModel.swift */ = {isa = PBXFileReference; lastKnownFileType = sourcecode.swift; path = "APIModel+ItemModel.swift"; sourceTree = "<group>"; };
		BB1078A12004FF5E0088CE2F /* Item.swift */ = {isa = PBXFileReference; lastKnownFileType = sourcecode.swift; path = Item.swift; sourceTree = "<group>"; };
		BB1078A5200506C30088CE2F /* APIModelLists+ListResponseModel.swift */ = {isa = PBXFileReference; lastKnownFileType = sourcecode.swift; path = "APIModelLists+ListResponseModel.swift"; sourceTree = "<group>"; };
		BB1078A7200507080088CE2F /* APIModelItems+ListResponseModel.swift */ = {isa = PBXFileReference; lastKnownFileType = sourcecode.swift; path = "APIModelItems+ListResponseModel.swift"; sourceTree = "<group>"; };
		BB1078AF200508B70088CE2F /* APIModelLists+CreateRequestModel.swift */ = {isa = PBXFileReference; lastKnownFileType = sourcecode.swift; path = "APIModelLists+CreateRequestModel.swift"; sourceTree = "<group>"; };
		BB1078B1200509240088CE2F /* APIModelLists+CreateResponseModel.swift */ = {isa = PBXFileReference; lastKnownFileType = sourcecode.swift; path = "APIModelLists+CreateResponseModel.swift"; sourceTree = "<group>"; };
		BB1078B3200509AD0088CE2F /* APIModelLists+EditRequestModel.swift */ = {isa = PBXFileReference; lastKnownFileType = sourcecode.swift; path = "APIModelLists+EditRequestModel.swift"; sourceTree = "<group>"; };
		BB1078B520050A710088CE2F /* APIModelLists+EditResponseModel.swift */ = {isa = PBXFileReference; lastKnownFileType = sourcecode.swift; path = "APIModelLists+EditResponseModel.swift"; sourceTree = "<group>"; };
		BB1078B720050AAA0088CE2F /* APIModelLists+DeleteRequestModel.swift */ = {isa = PBXFileReference; lastKnownFileType = sourcecode.swift; path = "APIModelLists+DeleteRequestModel.swift"; sourceTree = "<group>"; };
		BB1078B920050C520088CE2F /* APIModelItems+CreateRequestModel.swift */ = {isa = PBXFileReference; lastKnownFileType = sourcecode.swift; path = "APIModelItems+CreateRequestModel.swift"; sourceTree = "<group>"; };
		BB1078BB20050DDA0088CE2F /* APIModelItems+CreateResponseModel.swift */ = {isa = PBXFileReference; lastKnownFileType = sourcecode.swift; path = "APIModelItems+CreateResponseModel.swift"; sourceTree = "<group>"; };
		BB1078BD20050E9B0088CE2F /* APIModelItems+EditRequestModel.swift */ = {isa = PBXFileReference; lastKnownFileType = sourcecode.swift; path = "APIModelItems+EditRequestModel.swift"; sourceTree = "<group>"; };
		BB1078BF20050F9B0088CE2F /* APIModelItems+EditResponseModel.swift */ = {isa = PBXFileReference; lastKnownFileType = sourcecode.swift; path = "APIModelItems+EditResponseModel.swift"; sourceTree = "<group>"; };
		BB1078C1200510180088CE2F /* APIModelItems+DeleteRequestModel.swift */ = {isa = PBXFileReference; lastKnownFileType = sourcecode.swift; path = "APIModelItems+DeleteRequestModel.swift"; sourceTree = "<group>"; };
		BB1078C32005107E0088CE2F /* API+Method.swift */ = {isa = PBXFileReference; lastKnownFileType = sourcecode.swift; path = "API+Method.swift"; sourceTree = "<group>"; };
		BB1078C5200512740088CE2F /* APIMethod+Account.swift */ = {isa = PBXFileReference; lastKnownFileType = sourcecode.swift; path = "APIMethod+Account.swift"; sourceTree = "<group>"; };
		BB1078C72005127D0088CE2F /* APIMethod+Colors.swift */ = {isa = PBXFileReference; lastKnownFileType = sourcecode.swift; path = "APIMethod+Colors.swift"; sourceTree = "<group>"; };
		BB1078C9200512850088CE2F /* APIMethod+Icons.swift */ = {isa = PBXFileReference; lastKnownFileType = sourcecode.swift; path = "APIMethod+Icons.swift"; sourceTree = "<group>"; };
		BB1078CB2005128E0088CE2F /* APIMethod+Lists.swift */ = {isa = PBXFileReference; lastKnownFileType = sourcecode.swift; path = "APIMethod+Lists.swift"; sourceTree = "<group>"; };
		BB1078CD200512C10088CE2F /* APIMethod+APIMethod+Items.swift */ = {isa = PBXFileReference; lastKnownFileType = sourcecode.swift; path = "APIMethod+APIMethod+Items.swift"; sourceTree = "<group>"; };
		BB1078D020051CD40088CE2F /* Synchronization.storyboard */ = {isa = PBXFileReference; lastKnownFileType = file.storyboard; path = Synchronization.storyboard; sourceTree = "<group>"; };
		BB45E2F420051FFA0050144B /* SynchronizationViewController.swift */ = {isa = PBXFileReference; lastKnownFileType = sourcecode.swift; path = SynchronizationViewController.swift; sourceTree = "<group>"; };
		BB840EF62001781000B57E83 /* ToDo.app */ = {isa = PBXFileReference; explicitFileType = wrapper.application; includeInIndex = 0; path = ToDo.app; sourceTree = BUILT_PRODUCTS_DIR; };
		BB840EF92001781000B57E83 /* AppDelegate.swift */ = {isa = PBXFileReference; lastKnownFileType = sourcecode.swift; path = AppDelegate.swift; sourceTree = "<group>"; };
		BB840F002001781000B57E83 /* Assets.xcassets */ = {isa = PBXFileReference; lastKnownFileType = folder.assetcatalog; path = Assets.xcassets; sourceTree = "<group>"; };
		BB840F032001781000B57E83 /* Base */ = {isa = PBXFileReference; lastKnownFileType = file.storyboard; name = Base; path = Base.lproj/LaunchScreen.storyboard; sourceTree = "<group>"; };
		BB840F052001781000B57E83 /* Info.plist */ = {isa = PBXFileReference; lastKnownFileType = text.plist.xml; path = Info.plist; sourceTree = "<group>"; };
		BB8B93F92005287D00E3DF6E /* ServiceLayer.swift */ = {isa = PBXFileReference; fileEncoding = 4; lastKnownFileType = sourcecode.swift; path = ServiceLayer.swift; sourceTree = "<group>"; };
		BB8B93FB2005289900E3DF6E /* ApplicationSettingsService.swift */ = {isa = PBXFileReference; fileEncoding = 4; lastKnownFileType = sourcecode.swift; path = ApplicationSettingsService.swift; sourceTree = "<group>"; };
		BB8B93FE200535CF00E3DF6E /* APIService.swift */ = {isa = PBXFileReference; lastKnownFileType = sourcecode.swift; path = APIService.swift; sourceTree = "<group>"; };
		BB8B9400200535DD00E3DF6E /* APIService+Error.swift */ = {isa = PBXFileReference; lastKnownFileType = sourcecode.swift; path = "APIService+Error.swift"; sourceTree = "<group>"; };
		BB8B940320053EF500E3DF6E /* AccountRegistrationRequestModel.swift */ = {isa = PBXFileReference; lastKnownFileType = sourcecode.swift; path = AccountRegistrationRequestModel.swift; sourceTree = "<group>"; };
		BB8B940520053F9F00E3DF6E /* AccountLoginRequestModel.swift */ = {isa = PBXFileReference; lastKnownFileType = sourcecode.swift; path = AccountLoginRequestModel.swift; sourceTree = "<group>"; };
		BB8B94072005422E00E3DF6E /* ListsCreateRequestModel.swift */ = {isa = PBXFileReference; lastKnownFileType = sourcecode.swift; path = ListsCreateRequestModel.swift; sourceTree = "<group>"; };
		BB8B94092005435C00E3DF6E /* ListsEditRequestModel.swift */ = {isa = PBXFileReference; lastKnownFileType = sourcecode.swift; path = ListsEditRequestModel.swift; sourceTree = "<group>"; };
		BB8B940B2005441600E3DF6E /* ListsDeleteRequestModel.swift */ = {isa = PBXFileReference; lastKnownFileType = sourcecode.swift; path = ListsDeleteRequestModel.swift; sourceTree = "<group>"; };
		BB8B940D200544CD00E3DF6E /* ItemsCreateRequestModel.swift */ = {isa = PBXFileReference; lastKnownFileType = sourcecode.swift; path = ItemsCreateRequestModel.swift; sourceTree = "<group>"; };
		BB8B940F200544DE00E3DF6E /* ItemsEditRequestModel.swift */ = {isa = PBXFileReference; lastKnownFileType = sourcecode.swift; path = ItemsEditRequestModel.swift; sourceTree = "<group>"; };
		BB8B9411200544EF00E3DF6E /* ItemsDeleteRequestModel.swift */ = {isa = PBXFileReference; lastKnownFileType = sourcecode.swift; path = ItemsDeleteRequestModel.swift; sourceTree = "<group>"; };
		BB8B9418200547E400E3DF6E /* StoryboardIdentifiable.swift */ = {isa = PBXFileReference; lastKnownFileType = sourcecode.swift; path = StoryboardIdentifiable.swift; sourceTree = "<group>"; };
		BB8B941A200547FE00E3DF6E /* CellIdentifiable.swift */ = {isa = PBXFileReference; lastKnownFileType = sourcecode.swift; path = CellIdentifiable.swift; sourceTree = "<group>"; };
		BB8B941C2005481000E3DF6E /* Router.swift */ = {isa = PBXFileReference; lastKnownFileType = sourcecode.swift; path = Router.swift; sourceTree = "<group>"; };
		BB8B9420200548A900E3DF6E /* NSLayoutConstraint+Description.swift */ = {isa = PBXFileReference; lastKnownFileType = sourcecode.swift; path = "NSLayoutConstraint+Description.swift"; sourceTree = "<group>"; };
		BB8B9423200548F400E3DF6E /* UIImage+MaskWithColor.swift */ = {isa = PBXFileReference; lastKnownFileType = sourcecode.swift; path = "UIImage+MaskWithColor.swift"; sourceTree = "<group>"; };
		BB8B94262005493400E3DF6E /* UIWindow+TransitToViewController.swift */ = {isa = PBXFileReference; lastKnownFileType = sourcecode.swift; path = "UIWindow+TransitToViewController.swift"; sourceTree = "<group>"; };
		BB8B94292005495A00E3DF6E /* UIStoryboard+Storyboards.swift */ = {isa = PBXFileReference; lastKnownFileType = sourcecode.swift; path = "UIStoryboard+Storyboards.swift"; sourceTree = "<group>"; };
		BB8B942B2005497B00E3DF6E /* UIStoryboard+ConvenientAccess.swift */ = {isa = PBXFileReference; lastKnownFileType = sourcecode.swift; path = "UIStoryboard+ConvenientAccess.swift"; sourceTree = "<group>"; };
		BB8B942E200549A900E3DF6E /* UIViewController+StoryboardIdentifiable.swift */ = {isa = PBXFileReference; lastKnownFileType = sourcecode.swift; path = "UIViewController+StoryboardIdentifiable.swift"; sourceTree = "<group>"; };
		BB8B9430200549EC00E3DF6E /* UIViewController+HideKeyboardWhenTappedAround.swift */ = {isa = PBXFileReference; lastKnownFileType = sourcecode.swift; path = "UIViewController+HideKeyboardWhenTappedAround.swift"; sourceTree = "<group>"; };
		BB8B943320054A2100E3DF6E /* UINavigationController+Pop.swift */ = {isa = PBXFileReference; lastKnownFileType = sourcecode.swift; path = "UINavigationController+Pop.swift"; sourceTree = "<group>"; };
		BB8B943620054A6200E3DF6E /* UITableViewCell+CellIdentifiable.swift */ = {isa = PBXFileReference; lastKnownFileType = sourcecode.swift; path = "UITableViewCell+CellIdentifiable.swift"; sourceTree = "<group>"; };
		BB8B943820054A8700E3DF6E /* ImageAssets.swift */ = {isa = PBXFileReference; lastKnownFileType = sourcecode.swift; path = ImageAssets.swift; sourceTree = "<group>"; };
		BB8B943C20054B4400E3DF6E /* StackWidthLabel.swift */ = {isa = PBXFileReference; lastKnownFileType = sourcecode.swift; path = StackWidthLabel.swift; sourceTree = "<group>"; };
		BB8B943F20054B9B00E3DF6E /* ColoredImageView.swift */ = {isa = PBXFileReference; lastKnownFileType = sourcecode.swift; path = ColoredImageView.swift; sourceTree = "<group>"; };
		BB8B944420054BFC00E3DF6E /* UIView+FromNib.swift */ = {isa = PBXFileReference; lastKnownFileType = sourcecode.swift; path = "UIView+FromNib.swift"; sourceTree = "<group>"; };
		BB8B944620054C1100E3DF6E /* UIView+LayoutAttachAll.swift */ = {isa = PBXFileReference; lastKnownFileType = sourcecode.swift; path = "UIView+LayoutAttachAll.swift"; sourceTree = "<group>"; };
		BB8B944820054C4900E3DF6E /* LoadingView.swift */ = {isa = PBXFileReference; lastKnownFileType = sourcecode.swift; path = LoadingView.swift; sourceTree = "<group>"; };
		BB8B944A20054C5000E3DF6E /* LoadingView.xib */ = {isa = PBXFileReference; lastKnownFileType = file.xib; path = LoadingView.xib; sourceTree = "<group>"; };
		BB8B944D20054D8B00E3DF6E /* Control.swift */ = {isa = PBXFileReference; lastKnownFileType = sourcecode.swift; path = Control.swift; sourceTree = "<group>"; };
		BBE632CB2003ED4600DBE28F /* APIConstants.swift */ = {isa = PBXFileReference; lastKnownFileType = sourcecode.swift; path = APIConstants.swift; sourceTree = "<group>"; };
		CE2311CB392A48B6B27604F9 /* Pods-ToDo.release.xcconfig */ = {isa = PBXFileReference; includeInIndex = 1; lastKnownFileType = text.xcconfig; name = "Pods-ToDo.release.xcconfig"; path = "Pods/Target Support Files/Pods-ToDo/Pods-ToDo.release.xcconfig"; sourceTree = "<group>"; };
/* End PBXFileReference section */

/* Begin PBXFrameworksBuildPhase section */
		BB840EF32001781000B57E83 /* Frameworks */ = {
			isa = PBXFrameworksBuildPhase;
			buildActionMask = 2147483647;
			files = (
				41874B486C8BA797CE9FE934 /* Pods_ToDo.framework in Frameworks */,
			);
			runOnlyForDeploymentPostprocessing = 0;
		};
/* End PBXFrameworksBuildPhase section */

/* Begin PBXGroup section */
		161404F4ECE2C661E95EF52E /* Frameworks */ = {
			isa = PBXGroup;
			children = (
				A591149EBEF80956DBE321CB /* Pods_ToDo.framework */,
			);
			name = Frameworks;
			sourceTree = "<group>";
		};
		BB1078682004E2480088CE2F /* Models */ = {
			isa = PBXGroup;
			children = (
				BB10787B2004E3FE0088CE2F /* API+Model.swift */,
				BB10786C2004E2700088CE2F /* API+RequestModel.swift */,
				BB10786E2004E27C0088CE2F /* API+ResponseModel.swift */,
				BB10787D2004F5450088CE2F /* Account */,
				BB10788B2004F7ED0088CE2F /* Colors */,
				BB1078942004FA500088CE2F /* Icons */,
				BB1078A3200505FB0088CE2F /* Lists */,
				BB1078A4200506030088CE2F /* Items */,
				BB1078702004E28D0088CE2F /* Other */,
			);
			path = Models;
			sourceTree = "<group>";
		};
		BB1078692004E2510088CE2F /* Methods */ = {
			isa = PBXGroup;
			children = (
				BB1078C32005107E0088CE2F /* API+Method.swift */,
				BB1078C5200512740088CE2F /* APIMethod+Account.swift */,
				BB1078C72005127D0088CE2F /* APIMethod+Colors.swift */,
				BB1078C9200512850088CE2F /* APIMethod+Icons.swift */,
				BB1078CB2005128E0088CE2F /* APIMethod+Lists.swift */,
				BB1078CD200512C10088CE2F /* APIMethod+APIMethod+Items.swift */,
			);
			path = Methods;
			sourceTree = "<group>";
		};
		BB1078702004E28D0088CE2F /* Other */ = {
			isa = PBXGroup;
			children = (
				BB1078712004E2A20088CE2F /* APIModel+ErrorModel.swift */,
				BB1078842004F6CE0088CE2F /* APIModel+LoginInfoModel.swift */,
				BB10788E2004F8610088CE2F /* APIModel+ColorModel.swift */,
				BB1078972004FAD70088CE2F /* APIModel+IconModel.swift */,
				BB10789B2004FBF00088CE2F /* APIModel+ListModel.swift */,
				BB10789F2004FDAC0088CE2F /* APIModel+ItemModel.swift */,
			);
			path = Other;
			sourceTree = "<group>";
		};
		BB1078732004E3340088CE2F /* Extensions */ = {
			isa = PBXGroup;
			children = (
				BB1078742004E34C0088CE2F /* String */,
			);
			path = Extensions;
			sourceTree = "<group>";
		};
		BB1078742004E34C0088CE2F /* String */ = {
			isa = PBXGroup;
			children = (
				BB1078752004E35E0088CE2F /* String+Empty.swift */,
				BB1078772004E36A0088CE2F /* String+IsEmptyOrWhitespace.swift */,
				BB1078792004E3A50088CE2F /* String+IsValidEmail.swift */,
			);
			path = String;
			sourceTree = "<group>";
		};
		BB10787D2004F5450088CE2F /* Account */ = {
			isa = PBXGroup;
			children = (
				BB10787E2004F5720088CE2F /* APIModelAccount+RegistrationRequestModel.swift */,
				BB1078802004F61C0088CE2F /* APIModelAccount+LoginRequestModel.swift */,
				BB1078822004F6850088CE2F /* APIModelAccount+LoginResponseModel.swift */,
			);
			path = Account;
			sourceTree = "<group>";
		};
		BB1078862004F70D0088CE2F /* Model */ = {
			isa = PBXGroup;
			children = (
				BB1078872004F71E0088CE2F /* Data */,
				BB1078882004F72E0088CE2F /* Other */,
			);
			path = Model;
			sourceTree = "<group>";
		};
		BB1078872004F71E0088CE2F /* Data */ = {
			isa = PBXGroup;
			children = (
				BB1078922004F9A30088CE2F /* Entity.swift */,
				BB1078902004F9660088CE2F /* Color.swift */,
				BB1078992004FB840088CE2F /* Icon.swift */,
				BB10789D2004FCF40088CE2F /* List.swift */,
				BB1078A12004FF5E0088CE2F /* Item.swift */,
			);
			path = Data;
			sourceTree = "<group>";
		};
		BB1078882004F72E0088CE2F /* Other */ = {
			isa = PBXGroup;
			children = (
				BB1078892004F7460088CE2F /* LoginInfo.swift */,
			);
			path = Other;
			sourceTree = "<group>";
		};
		BB10788B2004F7ED0088CE2F /* Colors */ = {
			isa = PBXGroup;
			children = (
				BB10788C2004F81E0088CE2F /* APIModelColors+ListResponseModel.swift */,
			);
			path = Colors;
			sourceTree = "<group>";
		};
		BB1078942004FA500088CE2F /* Icons */ = {
			isa = PBXGroup;
			children = (
				BB1078952004FA770088CE2F /* APIModelIcons+ListResponseModel.swift */,
			);
			path = Icons;
			sourceTree = "<group>";
		};
		BB1078A3200505FB0088CE2F /* Lists */ = {
			isa = PBXGroup;
			children = (
				BB1078A5200506C30088CE2F /* APIModelLists+ListResponseModel.swift */,
				BB1078AF200508B70088CE2F /* APIModelLists+CreateRequestModel.swift */,
				BB1078B1200509240088CE2F /* APIModelLists+CreateResponseModel.swift */,
				BB1078B3200509AD0088CE2F /* APIModelLists+EditRequestModel.swift */,
				BB1078B520050A710088CE2F /* APIModelLists+EditResponseModel.swift */,
				BB1078B720050AAA0088CE2F /* APIModelLists+DeleteRequestModel.swift */,
			);
			path = Lists;
			sourceTree = "<group>";
		};
		BB1078A4200506030088CE2F /* Items */ = {
			isa = PBXGroup;
			children = (
				BB1078A7200507080088CE2F /* APIModelItems+ListResponseModel.swift */,
				BB1078B920050C520088CE2F /* APIModelItems+CreateRequestModel.swift */,
				BB1078BB20050DDA0088CE2F /* APIModelItems+CreateResponseModel.swift */,
				BB1078BD20050E9B0088CE2F /* APIModelItems+EditRequestModel.swift */,
				BB1078BF20050F9B0088CE2F /* APIModelItems+EditResponseModel.swift */,
				BB1078C1200510180088CE2F /* APIModelItems+DeleteRequestModel.swift */,
			);
			path = Items;
			sourceTree = "<group>";
		};
		BB1078CF20051CA80088CE2F /* Synchronization */ = {
			isa = PBXGroup;
			children = (
				BB1078D020051CD40088CE2F /* Synchronization.storyboard */,
				BB45E2F420051FFA0050144B /* SynchronizationViewController.swift */,
			);
			path = Synchronization;
			sourceTree = "<group>";
		};
		BB840EED2001781000B57E83 = {
			isa = PBXGroup;
			children = (
				BB840EF82001781000B57E83 /* ToDo */,
				BB840EF72001781000B57E83 /* Products */,
				BE1209B403390AA110C00521 /* Pods */,
				161404F4ECE2C661E95EF52E /* Frameworks */,
			);
			sourceTree = "<group>";
		};
		BB840EF72001781000B57E83 /* Products */ = {
			isa = PBXGroup;
			children = (
				BB840EF62001781000B57E83 /* ToDo.app */,
			);
			name = Products;
			sourceTree = "<group>";
		};
		BB840EF82001781000B57E83 /* ToDo */ = {
			isa = PBXGroup;
			children = (
				BBE632C42003EBEC00DBE28F /* Classes */,
				BBE632C52003EC0300DBE28F /* Resources */,
				BBE632C62003EC1200DBE28F /* Supporting Files */,
			);
			path = ToDo;
			sourceTree = "<group>";
		};
		BB8B93F82005286F00E3DF6E /* Service */ = {
			isa = PBXGroup;
			children = (
				BB8B93FB2005289900E3DF6E /* ApplicationSettingsService.swift */,
				BB8B93FD200535BA00E3DF6E /* APIService */,
			);
			path = Service;
			sourceTree = "<group>";
		};
		BB8B93FD200535BA00E3DF6E /* APIService */ = {
			isa = PBXGroup;
			children = (
				BB8B93FE200535CF00E3DF6E /* APIService.swift */,
				BB8B9400200535DD00E3DF6E /* APIService+Error.swift */,
				BB8B940220053EC600E3DF6E /* Model */,
			);
			path = APIService;
			sourceTree = "<group>";
		};
		BB8B940220053EC600E3DF6E /* Model */ = {
			isa = PBXGroup;
			children = (
				BB8B940320053EF500E3DF6E /* AccountRegistrationRequestModel.swift */,
				BB8B940520053F9F00E3DF6E /* AccountLoginRequestModel.swift */,
				BB8B94072005422E00E3DF6E /* ListsCreateRequestModel.swift */,
				BB8B94092005435C00E3DF6E /* ListsEditRequestModel.swift */,
				BB8B940B2005441600E3DF6E /* ListsDeleteRequestModel.swift */,
				BB8B940D200544CD00E3DF6E /* ItemsCreateRequestModel.swift */,
				BB8B940F200544DE00E3DF6E /* ItemsEditRequestModel.swift */,
				BB8B9411200544EF00E3DF6E /* ItemsDeleteRequestModel.swift */,
			);
			path = Model;
			sourceTree = "<group>";
		};
		BB8B9413200547A100E3DF6E /* Common */ = {
			isa = PBXGroup;
			children = (
				BB8B9414200547B100E3DF6E /* Helper */,
				BB8B943A20054B2800E3DF6E /* View */,
			);
			path = Common;
			sourceTree = "<group>";
		};
		BB8B9414200547B100E3DF6E /* Helper */ = {
			isa = PBXGroup;
			children = (
				BB8B9417200547D900E3DF6E /* Protocols */,
				BB8B941E2005484900E3DF6E /* Extensions */,
				BB8B943820054A8700E3DF6E /* ImageAssets.swift */,
			);
			path = Helper;
			sourceTree = "<group>";
		};
		BB8B9417200547D900E3DF6E /* Protocols */ = {
			isa = PBXGroup;
			children = (
				BB8B9418200547E400E3DF6E /* StoryboardIdentifiable.swift */,
				BB8B941A200547FE00E3DF6E /* CellIdentifiable.swift */,
				BB8B941C2005481000E3DF6E /* Router.swift */,
			);
			path = Protocols;
			sourceTree = "<group>";
		};
		BB8B941E2005484900E3DF6E /* Extensions */ = {
			isa = PBXGroup;
			children = (
				BB8B941F2005489B00E3DF6E /* NSLayoutConstraint */,
				BB8B9422200548EB00E3DF6E /* UIImage */,
				BB8B94252005492000E3DF6E /* UIWindow */,
				BB8B94282005494900E3DF6E /* UIStoryboard */,
				BB8B942D2005499400E3DF6E /* UIViewController */,
				BB8B943220054A0F00E3DF6E /* UINavigationController */,
				BB8B944320054BE000E3DF6E /* UIView */,
				BB8B943520054A4A00E3DF6E /* UITableViewCell */,
			);
			path = Extensions;
			sourceTree = "<group>";
		};
		BB8B941F2005489B00E3DF6E /* NSLayoutConstraint */ = {
			isa = PBXGroup;
			children = (
				BB8B9420200548A900E3DF6E /* NSLayoutConstraint+Description.swift */,
			);
			path = NSLayoutConstraint;
			sourceTree = "<group>";
		};
		BB8B9422200548EB00E3DF6E /* UIImage */ = {
			isa = PBXGroup;
			children = (
				BB8B9423200548F400E3DF6E /* UIImage+MaskWithColor.swift */,
			);
			path = UIImage;
			sourceTree = "<group>";
		};
		BB8B94252005492000E3DF6E /* UIWindow */ = {
			isa = PBXGroup;
			children = (
				BB8B94262005493400E3DF6E /* UIWindow+TransitToViewController.swift */,
			);
			path = UIWindow;
			sourceTree = "<group>";
		};
		BB8B94282005494900E3DF6E /* UIStoryboard */ = {
			isa = PBXGroup;
			children = (
				BB8B94292005495A00E3DF6E /* UIStoryboard+Storyboards.swift */,
				BB8B942B2005497B00E3DF6E /* UIStoryboard+ConvenientAccess.swift */,
			);
			path = UIStoryboard;
			sourceTree = "<group>";
		};
		BB8B942D2005499400E3DF6E /* UIViewController */ = {
			isa = PBXGroup;
			children = (
				BB8B942E200549A900E3DF6E /* UIViewController+StoryboardIdentifiable.swift */,
				BB8B9430200549EC00E3DF6E /* UIViewController+HideKeyboardWhenTappedAround.swift */,
			);
			path = UIViewController;
			sourceTree = "<group>";
		};
		BB8B943220054A0F00E3DF6E /* UINavigationController */ = {
			isa = PBXGroup;
			children = (
				BB8B943320054A2100E3DF6E /* UINavigationController+Pop.swift */,
			);
			path = UINavigationController;
			sourceTree = "<group>";
		};
		BB8B943520054A4A00E3DF6E /* UITableViewCell */ = {
			isa = PBXGroup;
			children = (
				BB8B943620054A6200E3DF6E /* UITableViewCell+CellIdentifiable.swift */,
			);
			path = UITableViewCell;
			sourceTree = "<group>";
		};
		BB8B943A20054B2800E3DF6E /* View */ = {
			isa = PBXGroup;
			children = (
				BB8B943B20054B3300E3DF6E /* UILabel */,
				BB8B943E20054B8C00E3DF6E /* UIImageView */,
				BB8B944120054BC200E3DF6E /* Custom View */,
				BB8B944C20054D5F00E3DF6E /* Custom Control */,
			);
			path = View;
			sourceTree = "<group>";
		};
		BB8B943B20054B3300E3DF6E /* UILabel */ = {
			isa = PBXGroup;
			children = (
				BB8B943C20054B4400E3DF6E /* StackWidthLabel.swift */,
			);
			path = UILabel;
			sourceTree = "<group>";
		};
		BB8B943E20054B8C00E3DF6E /* UIImageView */ = {
			isa = PBXGroup;
			children = (
				BB8B943F20054B9B00E3DF6E /* ColoredImageView.swift */,
			);
			path = UIImageView;
			sourceTree = "<group>";
		};
		BB8B944120054BC200E3DF6E /* Custom View */ = {
			isa = PBXGroup;
			children = (
				BB8B944220054BD200E3DF6E /* LoadingView */,
			);
			path = "Custom View";
			sourceTree = "<group>";
		};
		BB8B944220054BD200E3DF6E /* LoadingView */ = {
			isa = PBXGroup;
			children = (
				BB8B944A20054C5000E3DF6E /* LoadingView.xib */,
				BB8B944820054C4900E3DF6E /* LoadingView.swift */,
			);
			path = LoadingView;
			sourceTree = "<group>";
		};
		BB8B944320054BE000E3DF6E /* UIView */ = {
			isa = PBXGroup;
			children = (
				BB8B944420054BFC00E3DF6E /* UIView+FromNib.swift */,
				BB8B944620054C1100E3DF6E /* UIView+LayoutAttachAll.swift */,
			);
			path = UIView;
			sourceTree = "<group>";
		};
		BB8B944C20054D5F00E3DF6E /* Custom Control */ = {
			isa = PBXGroup;
			children = (
				BB8B944D20054D8B00E3DF6E /* Control.swift */,
			);
			path = "Custom Control";
			sourceTree = "<group>";
		};
		BBE632C42003EBEC00DBE28F /* Classes */ = {
			isa = PBXGroup;
			children = (
				BB840EF92001781000B57E83 /* AppDelegate.swift */,
				BBE632C92003ED2200DBE28F /* Business Logic */,
				BB1078732004E3340088CE2F /* Extensions */,
				BB1078862004F70D0088CE2F /* Model */,
				BBE632C72003EC4C00DBE28F /* Presentation */,
			);
			path = Classes;
			sourceTree = "<group>";
		};
		BBE632C52003EC0300DBE28F /* Resources */ = {
			isa = PBXGroup;
			children = (
				BB840F002001781000B57E83 /* Assets.xcassets */,
			);
			path = Resources;
			sourceTree = "<group>";
		};
		BBE632C62003EC1200DBE28F /* Supporting Files */ = {
			isa = PBXGroup;
			children = (
				BB840F052001781000B57E83 /* Info.plist */,
			);
			path = "Supporting Files";
			sourceTree = "<group>";
		};
		BBE632C72003EC4C00DBE28F /* Presentation */ = {
			isa = PBXGroup;
			children = (
				BB8B9413200547A100E3DF6E /* Common */,
				BBE632C82003EC8E00DBE28F /* LaunchScreen */,
				BB1078CF20051CA80088CE2F /* Synchronization */,
			);
			path = Presentation;
			sourceTree = "<group>";
		};
		BBE632C82003EC8E00DBE28F /* LaunchScreen */ = {
			isa = PBXGroup;
			children = (
				BB840F022001781000B57E83 /* LaunchScreen.storyboard */,
			);
			path = LaunchScreen;
			sourceTree = "<group>";
		};
		BBE632C92003ED2200DBE28F /* Business Logic */ = {
			isa = PBXGroup;
			children = (
				BBE632CB2003ED4600DBE28F /* APIConstants.swift */,
				BBE632CD2003ED7800DBE28F /* API Cover */,
				BB8B93F82005286F00E3DF6E /* Service */,
				BB8B93F92005287D00E3DF6E /* ServiceLayer.swift */,
			);
			path = "Business Logic";
			sourceTree = "<group>";
		};
		BBE632CD2003ED7800DBE28F /* API Cover */ = {
			isa = PBXGroup;
			children = (
				BB10785C2004DE9B0088CE2F /* API.swift */,
				BB10785E2004DED30088CE2F /* API+Helper.swift */,
				BB1078622004E0A00088CE2F /* API+Error.swift */,
				BB1078642004E1C90088CE2F /* API+ErrorHandling.swift */,
				BB1078602004DF020088CE2F /* API+Argument.swift */,
				BB1078662004E1EF0088CE2F /* API+Resource.swift */,
				BB1078682004E2480088CE2F /* Models */,
				BB1078692004E2510088CE2F /* Methods */,
			);
			path = "API Cover";
			sourceTree = "<group>";
		};
		BE1209B403390AA110C00521 /* Pods */ = {
			isa = PBXGroup;
			children = (
				A475BAF208041433E01DCDA1 /* Pods-ToDo.debug.xcconfig */,
				CE2311CB392A48B6B27604F9 /* Pods-ToDo.release.xcconfig */,
			);
			name = Pods;
			sourceTree = "<group>";
		};
/* End PBXGroup section */

/* Begin PBXNativeTarget section */
		BB840EF52001781000B57E83 /* ToDo */ = {
			isa = PBXNativeTarget;
			buildConfigurationList = BB840F082001781000B57E83 /* Build configuration list for PBXNativeTarget "ToDo" */;
			buildPhases = (
				01F6C91E70A72C31B617081E /* [CP] Check Pods Manifest.lock */,
				BB840EF22001781000B57E83 /* Sources */,
				BB840EF32001781000B57E83 /* Frameworks */,
				BB840EF42001781000B57E83 /* Resources */,
				8BF5B1F67F8F9B36D8B92967 /* [CP] Embed Pods Frameworks */,
				F0E6D2657C1F7916EEF30D61 /* [CP] Copy Pods Resources */,
			);
			buildRules = (
			);
			dependencies = (
			);
			name = ToDo;
			productName = ToDo;
			productReference = BB840EF62001781000B57E83 /* ToDo.app */;
			productType = "com.apple.product-type.application";
		};
/* End PBXNativeTarget section */

/* Begin PBXProject section */
		BB840EEE2001781000B57E83 /* Project object */ = {
			isa = PBXProject;
			attributes = {
				LastSwiftUpdateCheck = 0920;
				LastUpgradeCheck = 0920;
				ORGANIZATIONNAME = "Илья Халяпин";
				TargetAttributes = {
					BB840EF52001781000B57E83 = {
						CreatedOnToolsVersion = 9.2;
						ProvisioningStyle = Automatic;
					};
				};
			};
			buildConfigurationList = BB840EF12001781000B57E83 /* Build configuration list for PBXProject "ToDo" */;
			compatibilityVersion = "Xcode 8.0";
			developmentRegion = ru;
			hasScannedForEncodings = 0;
			knownRegions = (
				ru,
				Base,
			);
			mainGroup = BB840EED2001781000B57E83;
			productRefGroup = BB840EF72001781000B57E83 /* Products */;
			projectDirPath = "";
			projectRoot = "";
			targets = (
				BB840EF52001781000B57E83 /* ToDo */,
			);
		};
/* End PBXProject section */

/* Begin PBXResourcesBuildPhase section */
		BB840EF42001781000B57E83 /* Resources */ = {
			isa = PBXResourcesBuildPhase;
			buildActionMask = 2147483647;
			files = (
				BB1078D120051CD40088CE2F /* Synchronization.storyboard in Resources */,
				BB8B944B20054C5000E3DF6E /* LoadingView.xib in Resources */,
				BB840F042001781000B57E83 /* LaunchScreen.storyboard in Resources */,
				BB840F012001781000B57E83 /* Assets.xcassets in Resources */,
			);
			runOnlyForDeploymentPostprocessing = 0;
		};
/* End PBXResourcesBuildPhase section */

/* Begin PBXShellScriptBuildPhase section */
		01F6C91E70A72C31B617081E /* [CP] Check Pods Manifest.lock */ = {
			isa = PBXShellScriptBuildPhase;
			buildActionMask = 2147483647;
			files = (
			);
			inputPaths = (
				"${PODS_PODFILE_DIR_PATH}/Podfile.lock",
				"${PODS_ROOT}/Manifest.lock",
			);
			name = "[CP] Check Pods Manifest.lock";
			outputPaths = (
				"$(DERIVED_FILE_DIR)/Pods-ToDo-checkManifestLockResult.txt",
			);
			runOnlyForDeploymentPostprocessing = 0;
			shellPath = /bin/sh;
			shellScript = "diff \"${PODS_PODFILE_DIR_PATH}/Podfile.lock\" \"${PODS_ROOT}/Manifest.lock\" > /dev/null\nif [ $? != 0 ] ; then\n    # print error to STDERR\n    echo \"error: The sandbox is not in sync with the Podfile.lock. Run 'pod install' or update your CocoaPods installation.\" >&2\n    exit 1\nfi\n# This output is used by Xcode 'outputs' to avoid re-running this script phase.\necho \"SUCCESS\" > \"${SCRIPT_OUTPUT_FILE_0}\"\n";
			showEnvVarsInLog = 0;
		};
		8BF5B1F67F8F9B36D8B92967 /* [CP] Embed Pods Frameworks */ = {
			isa = PBXShellScriptBuildPhase;
			buildActionMask = 2147483647;
			files = (
			);
			inputPaths = (
				"${SRCROOT}/Pods/Target Support Files/Pods-ToDo/Pods-ToDo-frameworks.sh",
				"${BUILT_PRODUCTS_DIR}/Alamofire/Alamofire.framework",
				"${BUILT_PRODUCTS_DIR}/AlamofireNetworkActivityIndicator/AlamofireNetworkActivityIndicator.framework",
				"${BUILT_PRODUCTS_DIR}/IQKeyboardManagerSwift/IQKeyboardManagerSwift.framework",
				"${BUILT_PRODUCTS_DIR}/SwiftyJSON/SwiftyJSON.framework",
			);
			name = "[CP] Embed Pods Frameworks";
			outputPaths = (
				"${TARGET_BUILD_DIR}/${FRAMEWORKS_FOLDER_PATH}/Alamofire.framework",
				"${TARGET_BUILD_DIR}/${FRAMEWORKS_FOLDER_PATH}/AlamofireNetworkActivityIndicator.framework",
				"${TARGET_BUILD_DIR}/${FRAMEWORKS_FOLDER_PATH}/IQKeyboardManagerSwift.framework",
				"${TARGET_BUILD_DIR}/${FRAMEWORKS_FOLDER_PATH}/SwiftyJSON.framework",
			);
			runOnlyForDeploymentPostprocessing = 0;
			shellPath = /bin/sh;
			shellScript = "\"${SRCROOT}/Pods/Target Support Files/Pods-ToDo/Pods-ToDo-frameworks.sh\"\n";
			showEnvVarsInLog = 0;
		};
		F0E6D2657C1F7916EEF30D61 /* [CP] Copy Pods Resources */ = {
			isa = PBXShellScriptBuildPhase;
			buildActionMask = 2147483647;
			files = (
			);
			inputPaths = (
			);
			name = "[CP] Copy Pods Resources";
			outputPaths = (
			);
			runOnlyForDeploymentPostprocessing = 0;
			shellPath = /bin/sh;
			shellScript = "\"${SRCROOT}/Pods/Target Support Files/Pods-ToDo/Pods-ToDo-resources.sh\"\n";
			showEnvVarsInLog = 0;
		};
/* End PBXShellScriptBuildPhase section */

/* Begin PBXSourcesBuildPhase section */
		BB840EF22001781000B57E83 /* Sources */ = {
			isa = PBXSourcesBuildPhase;
			buildActionMask = 2147483647;
			files = (
				BB10787C2004E3FE0088CE2F /* API+Model.swift in Sources */,
				BB8B9401200535DD00E3DF6E /* APIService+Error.swift in Sources */,
				BB1078C42005107E0088CE2F /* API+Method.swift in Sources */,
				BB1078B820050AAA0088CE2F /* APIModelLists+DeleteRequestModel.swift in Sources */,
				BB1078CA200512850088CE2F /* APIMethod+Icons.swift in Sources */,
				BB8B942C2005497B00E3DF6E /* UIStoryboard+ConvenientAccess.swift in Sources */,
				BB8B9410200544DE00E3DF6E /* ItemsEditRequestModel.swift in Sources */,
				BB1078A6200506C30088CE2F /* APIModelLists+ListResponseModel.swift in Sources */,
				BB8B940420053EF500E3DF6E /* AccountRegistrationRequestModel.swift in Sources */,
				BB1078BA20050C520088CE2F /* APIModelItems+CreateRequestModel.swift in Sources */,
				BB1078A02004FDAC0088CE2F /* APIModel+ItemModel.swift in Sources */,
				BB1078A8200507080088CE2F /* APIModelItems+ListResponseModel.swift in Sources */,
				BB10787F2004F5720088CE2F /* APIModelAccount+RegistrationRequestModel.swift in Sources */,
				BB8B941D2005481000E3DF6E /* Router.swift in Sources */,
				BB8B942F200549A900E3DF6E /* UIViewController+StoryboardIdentifiable.swift in Sources */,
				BB1078912004F9660088CE2F /* Color.swift in Sources */,
				BB1078962004FA770088CE2F /* APIModelIcons+ListResponseModel.swift in Sources */,
				BB8B9419200547E400E3DF6E /* StoryboardIdentifiable.swift in Sources */,
				BB8B9431200549EC00E3DF6E /* UIViewController+HideKeyboardWhenTappedAround.swift in Sources */,
				BB8B9421200548A900E3DF6E /* NSLayoutConstraint+Description.swift in Sources */,
				BB8B944720054C1100E3DF6E /* UIView+LayoutAttachAll.swift in Sources */,
				BB8B943920054A8700E3DF6E /* ImageAssets.swift in Sources */,
				BB8B940A2005435C00E3DF6E /* ListsEditRequestModel.swift in Sources */,
				BB10788F2004F8610088CE2F /* APIModel+ColorModel.swift in Sources */,
				BB1078C82005127D0088CE2F /* APIMethod+Colors.swift in Sources */,
				BB1078A22004FF5E0088CE2F /* Item.swift in Sources */,
				BB10785F2004DED30088CE2F /* API+Helper.swift in Sources */,
				BB8B944520054BFC00E3DF6E /* UIView+FromNib.swift in Sources */,
				BB8B940C2005441600E3DF6E /* ListsDeleteRequestModel.swift in Sources */,
				BBE632CC2003ED4600DBE28F /* APIConstants.swift in Sources */,
				BB8B9412200544EF00E3DF6E /* ItemsDeleteRequestModel.swift in Sources */,
				BB8B940E200544CD00E3DF6E /* ItemsCreateRequestModel.swift in Sources */,
				BB8B944E20054D8B00E3DF6E /* Control.swift in Sources */,
				BB8B942A2005495A00E3DF6E /* UIStoryboard+Storyboards.swift in Sources */,
				BB1078B0200508B70088CE2F /* APIModelLists+CreateRequestModel.swift in Sources */,
				BB1078C2200510180088CE2F /* APIModelItems+DeleteRequestModel.swift in Sources */,
				BB8B93FC2005289900E3DF6E /* ApplicationSettingsService.swift in Sources */,
				BB1078BC20050DDA0088CE2F /* APIModelItems+CreateResponseModel.swift in Sources */,
				BB1078782004E36A0088CE2F /* String+IsEmptyOrWhitespace.swift in Sources */,
				BB1078C6200512740088CE2F /* APIMethod+Account.swift in Sources */,
				BB1078CC2005128E0088CE2F /* APIMethod+Lists.swift in Sources */,
				BB1078832004F6850088CE2F /* APIModelAccount+LoginResponseModel.swift in Sources */,
				BB10786D2004E2700088CE2F /* API+RequestModel.swift in Sources */,
				BB1078B620050A710088CE2F /* APIModelLists+EditResponseModel.swift in Sources */,
				BB10788D2004F81E0088CE2F /* APIModelColors+ListResponseModel.swift in Sources */,
				BB8B944020054B9B00E3DF6E /* ColoredImageView.swift in Sources */,
				BB1078B4200509AD0088CE2F /* APIModelLists+EditRequestModel.swift in Sources */,
				BB1078852004F6CE0088CE2F /* APIModel+LoginInfoModel.swift in Sources */,
				BB1078672004E1EF0088CE2F /* API+Resource.swift in Sources */,
				BB10785D2004DE9B0088CE2F /* API.swift in Sources */,
				BB1078C020050F9B0088CE2F /* APIModelItems+EditResponseModel.swift in Sources */,
				BB1078722004E2A20088CE2F /* APIModel+ErrorModel.swift in Sources */,
				BB1078CE200512C10088CE2F /* APIMethod+APIMethod+Items.swift in Sources */,
				BB45E2F520051FFA0050144B /* SynchronizationViewController.swift in Sources */,
				BB8B944920054C4900E3DF6E /* LoadingView.swift in Sources */,
				BB8B943720054A6200E3DF6E /* UITableViewCell+CellIdentifiable.swift in Sources */,
				BB840EFA2001781000B57E83 /* AppDelegate.swift in Sources */,
				BB10786F2004E27C0088CE2F /* API+ResponseModel.swift in Sources */,
				BB8B9424200548F400E3DF6E /* UIImage+MaskWithColor.swift in Sources */,
				BB1078612004DF020088CE2F /* API+Argument.swift in Sources */,
				BB8B93FA2005287D00E3DF6E /* ServiceLayer.swift in Sources */,
				BB1078632004E0A00088CE2F /* API+Error.swift in Sources */,
				BB1078762004E35E0088CE2F /* String+Empty.swift in Sources */,
				BB8B941B200547FE00E3DF6E /* CellIdentifiable.swift in Sources */,
				BB1078BE20050E9B0088CE2F /* APIModelItems+EditRequestModel.swift in Sources */,
				BB1078652004E1C90088CE2F /* API+ErrorHandling.swift in Sources */,
				BB8B94082005422E00E3DF6E /* ListsCreateRequestModel.swift in Sources */,
				BB1078B2200509240088CE2F /* APIModelLists+CreateResponseModel.swift in Sources */,
				BB10789A2004FB840088CE2F /* Icon.swift in Sources */,
				BB10789E2004FCF40088CE2F /* List.swift in Sources */,
				BB8B93FF200535CF00E3DF6E /* APIService.swift in Sources */,
				BB8B940620053F9F00E3DF6E /* AccountLoginRequestModel.swift in Sources */,
				BB8B943420054A2100E3DF6E /* UINavigationController+Pop.swift in Sources */,
				BB8B94272005493400E3DF6E /* UIWindow+TransitToViewController.swift in Sources */,
				BB1078932004F9A30088CE2F /* Entity.swift in Sources */,
				BB10787A2004E3A50088CE2F /* String+IsValidEmail.swift in Sources */,
				BB1078812004F61C0088CE2F /* APIModelAccount+LoginRequestModel.swift in Sources */,
				BB10788A2004F7460088CE2F /* LoginInfo.swift in Sources */,
				BB10789C2004FBF00088CE2F /* APIModel+ListModel.swift in Sources */,
				BB8B943D20054B4400E3DF6E /* StackWidthLabel.swift in Sources */,
				BB1078982004FAD70088CE2F /* APIModel+IconModel.swift in Sources */,
			);
			runOnlyForDeploymentPostprocessing = 0;
		};
/* End PBXSourcesBuildPhase section */

/* Begin PBXVariantGroup section */
		BB840F022001781000B57E83 /* LaunchScreen.storyboard */ = {
			isa = PBXVariantGroup;
			children = (
				BB840F032001781000B57E83 /* Base */,
			);
			name = LaunchScreen.storyboard;
			sourceTree = "<group>";
		};
/* End PBXVariantGroup section */

/* Begin XCBuildConfiguration section */
		BB840F062001781000B57E83 /* Debug */ = {
			isa = XCBuildConfiguration;
			buildSettings = {
				ALWAYS_SEARCH_USER_PATHS = NO;
				CLANG_ANALYZER_NONNULL = YES;
				CLANG_ANALYZER_NUMBER_OBJECT_CONVERSION = YES_AGGRESSIVE;
				CLANG_CXX_LANGUAGE_STANDARD = "gnu++14";
				CLANG_CXX_LIBRARY = "libc++";
				CLANG_ENABLE_MODULES = YES;
				CLANG_ENABLE_OBJC_ARC = YES;
				CLANG_WARN_BLOCK_CAPTURE_AUTORELEASING = YES;
				CLANG_WARN_BOOL_CONVERSION = YES;
				CLANG_WARN_COMMA = YES;
				CLANG_WARN_CONSTANT_CONVERSION = YES;
				CLANG_WARN_DIRECT_OBJC_ISA_USAGE = YES_ERROR;
				CLANG_WARN_DOCUMENTATION_COMMENTS = YES;
				CLANG_WARN_EMPTY_BODY = YES;
				CLANG_WARN_ENUM_CONVERSION = YES;
				CLANG_WARN_INFINITE_RECURSION = YES;
				CLANG_WARN_INT_CONVERSION = YES;
				CLANG_WARN_NON_LITERAL_NULL_CONVERSION = YES;
				CLANG_WARN_OBJC_LITERAL_CONVERSION = YES;
				CLANG_WARN_OBJC_ROOT_CLASS = YES_ERROR;
				CLANG_WARN_RANGE_LOOP_ANALYSIS = YES;
				CLANG_WARN_STRICT_PROTOTYPES = YES;
				CLANG_WARN_SUSPICIOUS_MOVE = YES;
				CLANG_WARN_UNGUARDED_AVAILABILITY = YES_AGGRESSIVE;
				CLANG_WARN_UNREACHABLE_CODE = YES;
				CLANG_WARN__DUPLICATE_METHOD_MATCH = YES;
				CODE_SIGN_IDENTITY = "iPhone Developer";
				COPY_PHASE_STRIP = NO;
				DEBUG_INFORMATION_FORMAT = dwarf;
				ENABLE_STRICT_OBJC_MSGSEND = YES;
				ENABLE_TESTABILITY = YES;
				GCC_C_LANGUAGE_STANDARD = gnu11;
				GCC_DYNAMIC_NO_PIC = NO;
				GCC_NO_COMMON_BLOCKS = YES;
				GCC_OPTIMIZATION_LEVEL = 0;
				GCC_PREPROCESSOR_DEFINITIONS = (
					"DEBUG=1",
					"$(inherited)",
				);
				GCC_WARN_64_TO_32_BIT_CONVERSION = YES;
				GCC_WARN_ABOUT_RETURN_TYPE = YES_ERROR;
				GCC_WARN_UNDECLARED_SELECTOR = YES;
				GCC_WARN_UNINITIALIZED_AUTOS = YES_AGGRESSIVE;
				GCC_WARN_UNUSED_FUNCTION = YES;
				GCC_WARN_UNUSED_VARIABLE = YES;
				IPHONEOS_DEPLOYMENT_TARGET = 9.0;
				MTL_ENABLE_DEBUG_INFO = YES;
				ONLY_ACTIVE_ARCH = YES;
				SDKROOT = iphoneos;
				SWIFT_ACTIVE_COMPILATION_CONDITIONS = DEBUG;
				SWIFT_OPTIMIZATION_LEVEL = "-Onone";
			};
			name = Debug;
		};
		BB840F072001781000B57E83 /* Release */ = {
			isa = XCBuildConfiguration;
			buildSettings = {
				ALWAYS_SEARCH_USER_PATHS = NO;
				CLANG_ANALYZER_NONNULL = YES;
				CLANG_ANALYZER_NUMBER_OBJECT_CONVERSION = YES_AGGRESSIVE;
				CLANG_CXX_LANGUAGE_STANDARD = "gnu++14";
				CLANG_CXX_LIBRARY = "libc++";
				CLANG_ENABLE_MODULES = YES;
				CLANG_ENABLE_OBJC_ARC = YES;
				CLANG_WARN_BLOCK_CAPTURE_AUTORELEASING = YES;
				CLANG_WARN_BOOL_CONVERSION = YES;
				CLANG_WARN_COMMA = YES;
				CLANG_WARN_CONSTANT_CONVERSION = YES;
				CLANG_WARN_DIRECT_OBJC_ISA_USAGE = YES_ERROR;
				CLANG_WARN_DOCUMENTATION_COMMENTS = YES;
				CLANG_WARN_EMPTY_BODY = YES;
				CLANG_WARN_ENUM_CONVERSION = YES;
				CLANG_WARN_INFINITE_RECURSION = YES;
				CLANG_WARN_INT_CONVERSION = YES;
				CLANG_WARN_NON_LITERAL_NULL_CONVERSION = YES;
				CLANG_WARN_OBJC_LITERAL_CONVERSION = YES;
				CLANG_WARN_OBJC_ROOT_CLASS = YES_ERROR;
				CLANG_WARN_RANGE_LOOP_ANALYSIS = YES;
				CLANG_WARN_STRICT_PROTOTYPES = YES;
				CLANG_WARN_SUSPICIOUS_MOVE = YES;
				CLANG_WARN_UNGUARDED_AVAILABILITY = YES_AGGRESSIVE;
				CLANG_WARN_UNREACHABLE_CODE = YES;
				CLANG_WARN__DUPLICATE_METHOD_MATCH = YES;
				CODE_SIGN_IDENTITY = "iPhone Developer";
				COPY_PHASE_STRIP = NO;
				DEBUG_INFORMATION_FORMAT = "dwarf-with-dsym";
				ENABLE_NS_ASSERTIONS = NO;
				ENABLE_STRICT_OBJC_MSGSEND = YES;
				GCC_C_LANGUAGE_STANDARD = gnu11;
				GCC_NO_COMMON_BLOCKS = YES;
				GCC_WARN_64_TO_32_BIT_CONVERSION = YES;
				GCC_WARN_ABOUT_RETURN_TYPE = YES_ERROR;
				GCC_WARN_UNDECLARED_SELECTOR = YES;
				GCC_WARN_UNINITIALIZED_AUTOS = YES_AGGRESSIVE;
				GCC_WARN_UNUSED_FUNCTION = YES;
				GCC_WARN_UNUSED_VARIABLE = YES;
				IPHONEOS_DEPLOYMENT_TARGET = 9.0;
				MTL_ENABLE_DEBUG_INFO = NO;
				SDKROOT = iphoneos;
				SWIFT_OPTIMIZATION_LEVEL = "-Owholemodule";
				VALIDATE_PRODUCT = YES;
			};
			name = Release;
		};
		BB840F092001781000B57E83 /* Debug */ = {
			isa = XCBuildConfiguration;
			baseConfigurationReference = A475BAF208041433E01DCDA1 /* Pods-ToDo.debug.xcconfig */;
			buildSettings = {
				ASSETCATALOG_COMPILER_APPICON_NAME = AppIcon;
				CODE_SIGN_STYLE = Automatic;
				DEVELOPMENT_TEAM = 5PQ3T7YGZE;
				INFOPLIST_FILE = "$(SRCROOT)/ToDo/Supporting Files/Info.plist";
				IPHONEOS_DEPLOYMENT_TARGET = 9.0;
				LD_RUNPATH_SEARCH_PATHS = "$(inherited) @executable_path/Frameworks";
				PRODUCT_BUNDLE_IDENTIFIER = ru.ilyahal.ToDo;
				PRODUCT_NAME = "$(TARGET_NAME)";
				SWIFT_VERSION = 4.0;
				TARGETED_DEVICE_FAMILY = 1;
			};
			name = Debug;
		};
		BB840F0A2001781000B57E83 /* Release */ = {
			isa = XCBuildConfiguration;
			baseConfigurationReference = CE2311CB392A48B6B27604F9 /* Pods-ToDo.release.xcconfig */;
			buildSettings = {
				ASSETCATALOG_COMPILER_APPICON_NAME = AppIcon;
				CODE_SIGN_STYLE = Automatic;
				DEVELOPMENT_TEAM = 5PQ3T7YGZE;
				INFOPLIST_FILE = "$(SRCROOT)/ToDo/Supporting Files/Info.plist";
				IPHONEOS_DEPLOYMENT_TARGET = 9.0;
				LD_RUNPATH_SEARCH_PATHS = "$(inherited) @executable_path/Frameworks";
				PRODUCT_BUNDLE_IDENTIFIER = ru.ilyahal.ToDo;
				PRODUCT_NAME = "$(TARGET_NAME)";
				SWIFT_VERSION = 4.0;
				TARGETED_DEVICE_FAMILY = 1;
			};
			name = Release;
		};
/* End XCBuildConfiguration section */

/* Begin XCConfigurationList section */
		BB840EF12001781000B57E83 /* Build configuration list for PBXProject "ToDo" */ = {
			isa = XCConfigurationList;
			buildConfigurations = (
				BB840F062001781000B57E83 /* Debug */,
				BB840F072001781000B57E83 /* Release */,
			);
			defaultConfigurationIsVisible = 0;
			defaultConfigurationName = Release;
		};
		BB840F082001781000B57E83 /* Build configuration list for PBXNativeTarget "ToDo" */ = {
			isa = XCConfigurationList;
			buildConfigurations = (
				BB840F092001781000B57E83 /* Debug */,
				BB840F0A2001781000B57E83 /* Release */,
			);
			defaultConfigurationIsVisible = 0;
			defaultConfigurationName = Release;
		};
/* End XCConfigurationList section */
	};
	rootObject = BB840EEE2001781000B57E83 /* Project object */;
}
